
Microsoft Visual Studio Solution File, Format Version 12.00
# Visual Studio 15
VisualStudioVersion = 15.0.27703.2026
MinimumVisualStudioVersion = 10.0.40219.1
Project("{FAE04EC0-301F-11D3-BF4B-00C04F79EFBC}") = "HpTestApp", "HpTestApp\HpTestApp.csproj", "{ED0B0FBD-7A35-428A-92FE-FD03EEB33B58}"
EndProject
Project("{FAE04EC0-301F-11D3-BF4B-00C04F79EFBC}") = "Infrastructure", "Infrastructure\Infrastructure.csproj", "{B10032EF-8612-44A3-9D72-A6CC631BF87B}"
EndProject
Global
	GlobalSection(SolutionConfigurationPlatforms) = preSolution
		Debug|Any CPU = Debug|Any CPU
		Release|Any CPU = Release|Any CPU
	EndGlobalSection
	GlobalSection(ProjectConfigurationPlatforms) = postSolution
		{ED0B0FBD-7A35-428A-92FE-FD03EEB33B58}.Debug|Any CPU.ActiveCfg = Debug|Any CPU
		{ED0B0FBD-7A35-428A-92FE-FD03EEB33B58}.Debug|Any CPU.Build.0 = Debug|Any CPU
		{ED0B0FBD-7A35-428A-92FE-FD03EEB33B58}.Release|Any CPU.ActiveCfg = Release|Any CPU
		{ED0B0FBD-7A35-428A-92FE-FD03EEB33B58}.Release|Any CPU.Build.0 = Release|Any CPU
		{B10032EF-8612-44A3-9D72-A6CC631BF87B}.Debug|Any CPU.ActiveCfg = Debug|Any CPU
		{B10032EF-8612-44A3-9D72-A6CC631BF87B}.Debug|Any CPU.Build.0 = Debug|Any CPU
		{B10032EF-8612-44A3-9D72-A6CC631BF87B}.Release|Any CPU.ActiveCfg = Release|Any CPU
		{B10032EF-8612-44A3-9D72-A6CC631BF87B}.Release|Any CPU.Build.0 = Release|Any CPU
	EndGlobalSection
	GlobalSection(SolutionProperties) = preSolution
		HideSolutionNode = FALSE
	EndGlobalSection
	GlobalSection(ExtensibilityGlobals) = postSolution
		SolutionGuid = {82B9A2EA-6AB3-4BA1-9304-AD56DAEAAE62}
	EndGlobalSection
EndGlobal
